
Microsoft Visual Studio Solution File, Format Version 12.00
# Visual Studio Version 17
VisualStudioVersion = 17.3.32825.248
MinimumVisualStudioVersion = 10.0.40219.1
Project("{FAE04EC0-301F-11D3-BF4B-00C04F79EFBC}") = "Linq", "Linq\Linq.csproj", "{F32C0712-3C06-4BB1-86E1-D094F953FD5D}"
EndProject
Global
	GlobalSection(SolutionConfigurationPlatforms) = preSolution
		Debug|Any CPU = Debug|Any CPU
		Release|Any CPU = Release|Any CPU
	EndGlobalSection
	GlobalSection(ProjectConfigurationPlatforms) = postSolution
		{F32C0712-3C06-4BB1-86E1-D094F953FD5D}.Debug|Any CPU.ActiveCfg = Debug|Any CPU
		{F32C0712-3C06-4BB1-86E1-D094F953FD5D}.Debug|Any CPU.Build.0 = Debug|Any CPU
		{F32C0712-3C06-4BB1-86E1-D094F953FD5D}.Release|Any CPU.ActiveCfg = Release|Any CPU
		{F32C0712-3C06-4BB1-86E1-D094F953FD5D}.Release|Any CPU.Build.0 = Release|Any CPU
	EndGlobalSection
	GlobalSection(SolutionProperties) = preSolution
		HideSolutionNode = FALSE
	EndGlobalSection
	GlobalSection(ExtensibilityGlobals) = postSolution
		SolutionGuid = {6ACF969F-C1C4-4631-91A1-B60C5A2C39FC}
	EndGlobalSection
EndGlobal
